
Microsoft Visual Studio Solution File, Format Version 12.00
# Visual Studio Version 16
VisualStudioVersion = 16.0.29215.179
MinimumVisualStudioVersion = 10.0.40219.1
Project("{FAE04EC0-301F-11D3-BF4B-00C04F79EFBC}") = "MicroondasBenner", "MicroondasBenner\MicroondasBenner.csproj", "{D54340CA-092E-4AA1-86C1-387E9C1AB650}"
EndProject
Global
	GlobalSection(SolutionConfigurationPlatforms) = preSolution
		Debug|Any CPU = Debug|Any CPU
		Release|Any CPU = Release|Any CPU
	EndGlobalSection
	GlobalSection(ProjectConfigurationPlatforms) = postSolution
		{D54340CA-092E-4AA1-86C1-387E9C1AB650}.Debug|Any CPU.ActiveCfg = Debug|Any CPU
		{D54340CA-092E-4AA1-86C1-387E9C1AB650}.Debug|Any CPU.Build.0 = Debug|Any CPU
		{D54340CA-092E-4AA1-86C1-387E9C1AB650}.Release|Any CPU.ActiveCfg = Release|Any CPU
		{D54340CA-092E-4AA1-86C1-387E9C1AB650}.Release|Any CPU.Build.0 = Release|Any CPU
	EndGlobalSection
	GlobalSection(SolutionProperties) = preSolution
		HideSolutionNode = FALSE
	EndGlobalSection
	GlobalSection(ExtensibilityGlobals) = postSolution
		SolutionGuid = {A51F0F50-416F-4BA5-A90F-FC06DA024228}
	EndGlobalSection
EndGlobal
